
Microsoft Visual Studio Solution File, Format Version 12.00
# Visual Studio Version 17
VisualStudioVersion = 17.3.32929.385
MinimumVisualStudioVersion = 10.0.40219.1
Project("{FAE04EC0-301F-11D3-BF4B-00C04F79EFBC}") = "webapp", "webapp\webapp.csproj", "{A97DC70F-09C8-42D2-A500-7B09BE4E6316}"
EndProject
Global
	GlobalSection(SolutionConfigurationPlatforms) = preSolution
		Debug|Any CPU = Debug|Any CPU
		Release|Any CPU = Release|Any CPU
	EndGlobalSection
	GlobalSection(ProjectConfigurationPlatforms) = postSolution
		{A97DC70F-09C8-42D2-A500-7B09BE4E6316}.Debug|Any CPU.ActiveCfg = Debug|Any CPU
		{A97DC70F-09C8-42D2-A500-7B09BE4E6316}.Debug|Any CPU.Build.0 = Debug|Any CPU
		{A97DC70F-09C8-42D2-A500-7B09BE4E6316}.Release|Any CPU.ActiveCfg = Release|Any CPU
		{A97DC70F-09C8-42D2-A500-7B09BE4E6316}.Release|Any CPU.Build.0 = Release|Any CPU
	EndGlobalSection
	GlobalSection(SolutionProperties) = preSolution
		HideSolutionNode = FALSE
	EndGlobalSection
	GlobalSection(ExtensibilityGlobals) = postSolution
		SolutionGuid = {37D83CAA-CEFD-4799-B6E9-3E919E1D8D65}
	EndGlobalSection
EndGlobal
